
Microsoft Visual Studio Solution File, Format Version 12.00
# Visual Studio 15
VisualStudioVersion = 15.0.26430.12
MinimumVisualStudioVersion = 10.0.40219.1
Project("{FAE04EC0-301F-11D3-BF4B-00C04F79EFBC}") = "RemoveFiles", "RemoveFiles.csproj", "{52222393-A704-47FA-8F70-ACC7545A3A07}"
EndProject
Project("{FAE04EC0-301F-11D3-BF4B-00C04F79EFBC}") = "RemoveFilesTests", "..\RemoveFilesTests\RemoveFilesTests.csproj", "{DFB8B6A4-CD6C-4099-99D6-7BCA844B0232}"
EndProject
Global
	GlobalSection(SolutionConfigurationPlatforms) = preSolution
		Debug|Any CPU = Debug|Any CPU
		Release|Any CPU = Release|Any CPU
	EndGlobalSection
	GlobalSection(ProjectConfigurationPlatforms) = postSolution
		{52222393-A704-47FA-8F70-ACC7545A3A07}.Debug|Any CPU.ActiveCfg = Debug|Any CPU
		{52222393-A704-47FA-8F70-ACC7545A3A07}.Debug|Any CPU.Build.0 = Debug|Any CPU
		{52222393-A704-47FA-8F70-ACC7545A3A07}.Release|Any CPU.ActiveCfg = Release|Any CPU
		{52222393-A704-47FA-8F70-ACC7545A3A07}.Release|Any CPU.Build.0 = Release|Any CPU
		{DFB8B6A4-CD6C-4099-99D6-7BCA844B0232}.Debug|Any CPU.ActiveCfg = Debug|Any CPU
		{DFB8B6A4-CD6C-4099-99D6-7BCA844B0232}.Debug|Any CPU.Build.0 = Debug|Any CPU
		{DFB8B6A4-CD6C-4099-99D6-7BCA844B0232}.Release|Any CPU.ActiveCfg = Release|Any CPU
		{DFB8B6A4-CD6C-4099-99D6-7BCA844B0232}.Release|Any CPU.Build.0 = Release|Any CPU
	EndGlobalSection
	GlobalSection(SolutionProperties) = preSolution
		HideSolutionNode = FALSE
	EndGlobalSection
EndGlobal
