
Microsoft Visual Studio Solution File, Format Version 12.00
# Visual Studio 2013
VisualStudioVersion = 12.0.31101.0
MinimumVisualStudioVersion = 10.0.40219.1
Project("{FAE04EC0-301F-11D3-BF4B-00C04F79EFBC}") = "PracticeFiles", "PracticeFiles.csproj", "{63A12906-1AF1-4188-8C2C-346E550A48E3}"
EndProject
Project("{159641D6-6404-4A2A-AE62-294DE0FE8301}") = "SSIS", "SSIS\SSIS.dtproj", "{C2E22275-E573-4AFE-99F1-360371F748F2}"
EndProject
Global
	GlobalSection(SolutionConfigurationPlatforms) = preSolution
		Debug|Any CPU = Debug|Any CPU
		Development|Any CPU = Development|Any CPU
		Release|Any CPU = Release|Any CPU
	EndGlobalSection
	GlobalSection(ProjectConfigurationPlatforms) = postSolution
		{63A12906-1AF1-4188-8C2C-346E550A48E3}.Debug|Any CPU.ActiveCfg = Debug|Any CPU
		{63A12906-1AF1-4188-8C2C-346E550A48E3}.Debug|Any CPU.Build.0 = Debug|Any CPU
		{63A12906-1AF1-4188-8C2C-346E550A48E3}.Development|Any CPU.ActiveCfg = Debug|Any CPU
		{63A12906-1AF1-4188-8C2C-346E550A48E3}.Development|Any CPU.Build.0 = Debug|Any CPU
		{63A12906-1AF1-4188-8C2C-346E550A48E3}.Release|Any CPU.ActiveCfg = Release|Any CPU
		{63A12906-1AF1-4188-8C2C-346E550A48E3}.Release|Any CPU.Build.0 = Release|Any CPU
		{C2E22275-E573-4AFE-99F1-360371F748F2}.Debug|Any CPU.ActiveCfg = Development
		{C2E22275-E573-4AFE-99F1-360371F748F2}.Debug|Any CPU.Build.0 = Development
		{C2E22275-E573-4AFE-99F1-360371F748F2}.Development|Any CPU.ActiveCfg = Development
		{C2E22275-E573-4AFE-99F1-360371F748F2}.Development|Any CPU.Build.0 = Development
		{C2E22275-E573-4AFE-99F1-360371F748F2}.Release|Any CPU.ActiveCfg = Development
		{C2E22275-E573-4AFE-99F1-360371F748F2}.Release|Any CPU.Build.0 = Development
	EndGlobalSection
	GlobalSection(SolutionProperties) = preSolution
		HideSolutionNode = FALSE
	EndGlobalSection
EndGlobal
